// !$*UTF8*$!
{
	archiveVersion = 1;
	classes = {
	};
	objectVersion = 46;
	objects = {

/* Begin PBXBuildFile section */
		14C98246E0D15DA0FF354974 /* Pods_Swiftty.framework in Frameworks */ = {isa = PBXBuildFile; fileRef = 20EB62BA3AEDFC7934C51971 /* Pods_Swiftty.framework */; };
		A40300B61F2F83F7001621FD /* Helper.swift in Sources */ = {isa = PBXBuildFile; fileRef = A40300B51F2F83F7001621FD /* Helper.swift */; };
		A40300B81F2F8AE3001621FD /* StatusViewController.swift in Sources */ = {isa = PBXBuildFile; fileRef = A40300B71F2F8AE3001621FD /* StatusViewController.swift */; };
		A40300BC1F32779C001621FD /* StatusContextTableView.swift in Sources */ = {isa = PBXBuildFile; fileRef = A40300BB1F32779C001621FD /* StatusContextTableView.swift */; };
		A407CAC01F8FFDA300D44CC1 /* MoreTableViewController.swift in Sources */ = {isa = PBXBuildFile; fileRef = A407CABF1F8FFDA300D44CC1 /* MoreTableViewController.swift */; };
		A448F91F1F2DE3130001D2D0 /* NotificationViewController.swift in Sources */ = {isa = PBXBuildFile; fileRef = A448F91E1F2DE3130001D2D0 /* NotificationViewController.swift */; };
		A44A78EA1F2E2CC90079AB18 /* AccessInfo.swift in Sources */ = {isa = PBXBuildFile; fileRef = A44A78E91F2E2CC90079AB18 /* AccessInfo.swift */; };
		A44A78EC1F2F48480079AB18 /* StatusTableViewCell.swift in Sources */ = {isa = PBXBuildFile; fileRef = A44A78EB1F2F48480079AB18 /* StatusTableViewCell.swift */; };
		A4A4FD3B1F40BAD7008FEAF8 /* TootViewController.swift in Sources */ = {isa = PBXBuildFile; fileRef = A4A4FD3A1F40BAD7008FEAF8 /* TootViewController.swift */; };
		A4A4FD3D1F40F657008FEAF8 /* NotificationTableViewCell.swift in Sources */ = {isa = PBXBuildFile; fileRef = A4A4FD3C1F40F657008FEAF8 /* NotificationTableViewCell.swift */; };
		A4A4FD3F1F41E10D008FEAF8 /* StatusStore.swift in Sources */ = {isa = PBXBuildFile; fileRef = A4A4FD3E1F41E10D008FEAF8 /* StatusStore.swift */; };
		A4AF6A391F38D7C600AEB5C7 /* ProfileViewController.swift in Sources */ = {isa = PBXBuildFile; fileRef = A4AF6A381F38D7C600AEB5C7 /* ProfileViewController.swift */; };
		A4AF6A3B1F3919EE00AEB5C7 /* WebViewController.swift in Sources */ = {isa = PBXBuildFile; fileRef = A4AF6A3A1F3919EE00AEB5C7 /* WebViewController.swift */; };
		A4E918611F2D183300AF23ED /* AppDelegate.swift in Sources */ = {isa = PBXBuildFile; fileRef = A4E918601F2D183300AF23ED /* AppDelegate.swift */; };
		A4E918631F2D183300AF23ED /* TimelineViewController.swift in Sources */ = {isa = PBXBuildFile; fileRef = A4E918621F2D183300AF23ED /* TimelineViewController.swift */; };
		A4E918681F2D183300AF23ED /* Main.storyboard in Resources */ = {isa = PBXBuildFile; fileRef = A4E918661F2D183300AF23ED /* Main.storyboard */; };
		A4E9186A1F2D183300AF23ED /* Assets.xcassets in Resources */ = {isa = PBXBuildFile; fileRef = A4E918691F2D183300AF23ED /* Assets.xcassets */; };
		A4E918751F2D1BC000AF23ED /* RootViewController.swift in Sources */ = {isa = PBXBuildFile; fileRef = A4E918741F2D1BC000AF23ED /* RootViewController.swift */; };
/* End PBXBuildFile section */

/* Begin PBXFileReference section */
		192F79E0F5B3D9497E1EE4D7 /* Pods-Swiftty.release.xcconfig */ = {isa = PBXFileReference; includeInIndex = 1; lastKnownFileType = text.xcconfig; name = "Pods-Swiftty.release.xcconfig"; path = "Pods/Target Support Files/Pods-Swiftty/Pods-Swiftty.release.xcconfig"; sourceTree = "<group>"; };
		20EB62BA3AEDFC7934C51971 /* Pods_Swiftty.framework */ = {isa = PBXFileReference; explicitFileType = wrapper.framework; includeInIndex = 0; path = Pods_Swiftty.framework; sourceTree = BUILT_PRODUCTS_DIR; };
		4FB6B1467F32D55D9B7B2D92 /* Pods-Swiftty.debug.xcconfig */ = {isa = PBXFileReference; includeInIndex = 1; lastKnownFileType = text.xcconfig; name = "Pods-Swiftty.debug.xcconfig"; path = "Pods/Target Support Files/Pods-Swiftty/Pods-Swiftty.debug.xcconfig"; sourceTree = "<group>"; };
		A40300B51F2F83F7001621FD /* Helper.swift */ = {isa = PBXFileReference; fileEncoding = 4; lastKnownFileType = sourcecode.swift; path = Helper.swift; sourceTree = "<group>"; };
		A40300B71F2F8AE3001621FD /* StatusViewController.swift */ = {isa = PBXFileReference; fileEncoding = 4; lastKnownFileType = sourcecode.swift; path = StatusViewController.swift; sourceTree = "<group>"; };
		A40300BB1F32779C001621FD /* StatusContextTableView.swift */ = {isa = PBXFileReference; fileEncoding = 4; lastKnownFileType = sourcecode.swift; path = StatusContextTableView.swift; sourceTree = "<group>"; };
		A407CABF1F8FFDA300D44CC1 /* MoreTableViewController.swift */ = {isa = PBXFileReference; lastKnownFileType = sourcecode.swift; path = MoreTableViewController.swift; sourceTree = "<group>"; };
		A448F91E1F2DE3130001D2D0 /* NotificationViewController.swift */ = {isa = PBXFileReference; fileEncoding = 4; lastKnownFileType = sourcecode.swift; path = NotificationViewController.swift; sourceTree = "<group>"; };
		A44A78E91F2E2CC90079AB18 /* AccessInfo.swift */ = {isa = PBXFileReference; fileEncoding = 4; lastKnownFileType = sourcecode.swift; name = AccessInfo.swift; path = Data/AccessInfo.swift; sourceTree = "<group>"; };
		A44A78EB1F2F48480079AB18 /* StatusTableViewCell.swift */ = {isa = PBXFileReference; fileEncoding = 4; lastKnownFileType = sourcecode.swift; path = StatusTableViewCell.swift; sourceTree = "<group>"; };
		A4A4FD3A1F40BAD7008FEAF8 /* TootViewController.swift */ = {isa = PBXFileReference; fileEncoding = 4; lastKnownFileType = sourcecode.swift; path = TootViewController.swift; sourceTree = "<group>"; };
		A4A4FD3C1F40F657008FEAF8 /* NotificationTableViewCell.swift */ = {isa = PBXFileReference; fileEncoding = 4; lastKnownFileType = sourcecode.swift; path = NotificationTableViewCell.swift; sourceTree = "<group>"; };
		A4A4FD3E1F41E10D008FEAF8 /* StatusStore.swift */ = {isa = PBXFileReference; fileEncoding = 4; lastKnownFileType = sourcecode.swift; path = StatusStore.swift; sourceTree = "<group>"; };
		A4AF6A381F38D7C600AEB5C7 /* ProfileViewController.swift */ = {isa = PBXFileReference; fileEncoding = 4; lastKnownFileType = sourcecode.swift; path = ProfileViewController.swift; sourceTree = "<group>"; };
		A4AF6A3A1F3919EE00AEB5C7 /* WebViewController.swift */ = {isa = PBXFileReference; fileEncoding = 4; lastKnownFileType = sourcecode.swift; path = WebViewController.swift; sourceTree = "<group>"; };
		A4E9185D1F2D183300AF23ED /* Swiftty.app */ = {isa = PBXFileReference; explicitFileType = wrapper.application; includeInIndex = 0; path = Swiftty.app; sourceTree = BUILT_PRODUCTS_DIR; };
		A4E918601F2D183300AF23ED /* AppDelegate.swift */ = {isa = PBXFileReference; lastKnownFileType = sourcecode.swift; path = AppDelegate.swift; sourceTree = "<group>"; };
		A4E918621F2D183300AF23ED /* TimelineViewController.swift */ = {isa = PBXFileReference; lastKnownFileType = sourcecode.swift; path = TimelineViewController.swift; sourceTree = "<group>"; };
		A4E918671F2D183300AF23ED /* Base */ = {isa = PBXFileReference; lastKnownFileType = file.storyboard; name = Base; path = Base.lproj/Main.storyboard; sourceTree = "<group>"; };
		A4E918691F2D183300AF23ED /* Assets.xcassets */ = {isa = PBXFileReference; lastKnownFileType = folder.assetcatalog; path = Assets.xcassets; sourceTree = "<group>"; };
		A4E9186E1F2D183300AF23ED /* Info.plist */ = {isa = PBXFileReference; lastKnownFileType = text.plist.xml; path = Info.plist; sourceTree = "<group>"; };
		A4E918741F2D1BC000AF23ED /* RootViewController.swift */ = {isa = PBXFileReference; fileEncoding = 4; lastKnownFileType = sourcecode.swift; path = RootViewController.swift; sourceTree = "<group>"; };
/* End PBXFileReference section */

/* Begin PBXFrameworksBuildPhase section */
		A4E9185A1F2D183300AF23ED /* Frameworks */ = {
			isa = PBXFrameworksBuildPhase;
			buildActionMask = 2147483647;
			files = (
				14C98246E0D15DA0FF354974 /* Pods_Swiftty.framework in Frameworks */,
			);
			runOnlyForDeploymentPostprocessing = 0;
		};
/* End PBXFrameworksBuildPhase section */

/* Begin PBXGroup section */
		193A698379539D73C0CD14A9 /* Pods */ = {
			isa = PBXGroup;
			children = (
				4FB6B1467F32D55D9B7B2D92 /* Pods-Swiftty.debug.xcconfig */,
				192F79E0F5B3D9497E1EE4D7 /* Pods-Swiftty.release.xcconfig */,
			);
			name = Pods;
			sourceTree = "<group>";
		};
		7C901654B82A45545BC03A71 /* Frameworks */ = {
			isa = PBXGroup;
			children = (
				20EB62BA3AEDFC7934C51971 /* Pods_Swiftty.framework */,
			);
			name = Frameworks;
			sourceTree = "<group>";
		};
		A40300B91F2F8AFA001621FD /* ViewControllers */ = {
			isa = PBXGroup;
			children = (
				A40300BA1F311C9C001621FD /* Tables */,
				A4E918741F2D1BC000AF23ED /* RootViewController.swift */,
				A40300B71F2F8AE3001621FD /* StatusViewController.swift */,
				A4AF6A381F38D7C600AEB5C7 /* ProfileViewController.swift */,
				A4E918621F2D183300AF23ED /* TimelineViewController.swift */,
				A4A4FD3A1F40BAD7008FEAF8 /* TootViewController.swift */,
				A4AF6A3A1F3919EE00AEB5C7 /* WebViewController.swift */,
			);
			name = ViewControllers;
			sourceTree = "<group>";
		};
		A40300BA1F311C9C001621FD /* Tables */ = {
			isa = PBXGroup;
			children = (
				A407CABF1F8FFDA300D44CC1 /* MoreTableViewController.swift */,
				A448F91E1F2DE3130001D2D0 /* NotificationViewController.swift */,
				A44A78EB1F2F48480079AB18 /* StatusTableViewCell.swift */,
				A40300BB1F32779C001621FD /* StatusContextTableView.swift */,
				A4A4FD3C1F40F657008FEAF8 /* NotificationTableViewCell.swift */,
			);
			name = Tables;
			sourceTree = "<group>";
		};
		A44A78E81F2E2C940079AB18 /* Data */ = {
			isa = PBXGroup;
			children = (
				A44A78E91F2E2CC90079AB18 /* AccessInfo.swift */,
				A4A4FD3E1F41E10D008FEAF8 /* StatusStore.swift */,
			);
			name = Data;
			sourceTree = "<group>";
		};
		A4E918541F2D183300AF23ED = {
			isa = PBXGroup;
			children = (
				A4E9185F1F2D183300AF23ED /* Swiftty */,
				A4E9185E1F2D183300AF23ED /* Products */,
				193A698379539D73C0CD14A9 /* Pods */,
				7C901654B82A45545BC03A71 /* Frameworks */,
			);
			sourceTree = "<group>";
		};
		A4E9185E1F2D183300AF23ED /* Products */ = {
			isa = PBXGroup;
			children = (
				A4E9185D1F2D183300AF23ED /* Swiftty.app */,
			);
			name = Products;
			sourceTree = "<group>";
		};
		A4E9185F1F2D183300AF23ED /* Swiftty */ = {
			isa = PBXGroup;
			children = (
				A40300B51F2F83F7001621FD /* Helper.swift */,
				A40300B91F2F8AFA001621FD /* ViewControllers */,
				A44A78E81F2E2C940079AB18 /* Data */,
				A4E918601F2D183300AF23ED /* AppDelegate.swift */,
				A4E918661F2D183300AF23ED /* Main.storyboard */,
				A4E918691F2D183300AF23ED /* Assets.xcassets */,
				A4E9186E1F2D183300AF23ED /* Info.plist */,
			);
			path = Swiftty;
			sourceTree = "<group>";
		};
/* End PBXGroup section */

/* Begin PBXNativeTarget section */
		A4E9185C1F2D183300AF23ED /* Swiftty */ = {
			isa = PBXNativeTarget;
			buildConfigurationList = A4E918711F2D183300AF23ED /* Build configuration list for PBXNativeTarget "Swiftty" */;
			buildPhases = (
				3F42C96F68355F61EF8299D3 /* [CP] Check Pods Manifest.lock */,
				A4E918591F2D183300AF23ED /* Sources */,
				A4E9185A1F2D183300AF23ED /* Frameworks */,
				A4E9185B1F2D183300AF23ED /* Resources */,
				5B7A1B55232712D72D319801 /* [CP] Embed Pods Frameworks */,
				F48BA67E8433B639423E0628 /* [CP] Copy Pods Resources */,
			);
			buildRules = (
			);
			dependencies = (
			);
			name = Swiftty;
			productName = Swiftty;
			productReference = A4E9185D1F2D183300AF23ED /* Swiftty.app */;
			productType = "com.apple.product-type.application";
		};
/* End PBXNativeTarget section */

/* Begin PBXProject section */
		A4E918551F2D183300AF23ED /* Project object */ = {
			isa = PBXProject;
			attributes = {
				LastSwiftUpdateCheck = 0830;
				LastUpgradeCheck = 0900;
				ORGANIZATIONNAME = "Calv Collins";
				TargetAttributes = {
					A4E9185C1F2D183300AF23ED = {
						CreatedOnToolsVersion = 8.3.3;
						DevelopmentTeam = ZVZE87R9PL;
						LastSwiftMigration = 0900;
						ProvisioningStyle = Automatic;
					};
				};
			};
			buildConfigurationList = A4E918581F2D183300AF23ED /* Build configuration list for PBXProject "Swiftty" */;
			compatibilityVersion = "Xcode 3.2";
			developmentRegion = English;
			hasScannedForEncodings = 0;
			knownRegions = (
				en,
				Base,
			);
			mainGroup = A4E918541F2D183300AF23ED;
			productRefGroup = A4E9185E1F2D183300AF23ED /* Products */;
			projectDirPath = "";
			projectRoot = "";
			targets = (
				A4E9185C1F2D183300AF23ED /* Swiftty */,
			);
		};
/* End PBXProject section */

/* Begin PBXResourcesBuildPhase section */
		A4E9185B1F2D183300AF23ED /* Resources */ = {
			isa = PBXResourcesBuildPhase;
			buildActionMask = 2147483647;
			files = (
				A4E9186A1F2D183300AF23ED /* Assets.xcassets in Resources */,
				A4E918681F2D183300AF23ED /* Main.storyboard in Resources */,
			);
			runOnlyForDeploymentPostprocessing = 0;
		};
/* End PBXResourcesBuildPhase section */

/* Begin PBXShellScriptBuildPhase section */
		3F42C96F68355F61EF8299D3 /* [CP] Check Pods Manifest.lock */ = {
			isa = PBXShellScriptBuildPhase;
			buildActionMask = 2147483647;
			files = (
			);
			inputPaths = (
			);
			name = "[CP] Check Pods Manifest.lock";
			outputPaths = (
			);
			runOnlyForDeploymentPostprocessing = 0;
			shellPath = /bin/sh;
			shellScript = "diff \"${PODS_PODFILE_DIR_PATH}/Podfile.lock\" \"${PODS_ROOT}/Manifest.lock\" > /dev/null\nif [ $? != 0 ] ; then\n    # print error to STDERR\n    echo \"error: The sandbox is not in sync with the Podfile.lock. Run 'pod install' or update your CocoaPods installation.\" >&2\n    exit 1\nfi\n";
			showEnvVarsInLog = 0;
		};
		5B7A1B55232712D72D319801 /* [CP] Embed Pods Frameworks */ = {
			isa = PBXShellScriptBuildPhase;
			buildActionMask = 2147483647;
			files = (
			);
			inputPaths = (
			);
			name = "[CP] Embed Pods Frameworks";
			outputPaths = (
			);
			runOnlyForDeploymentPostprocessing = 0;
			shellPath = /bin/sh;
			shellScript = "\"${SRCROOT}/Pods/Target Support Files/Pods-Swiftty/Pods-Swiftty-frameworks.sh\"\n";
			showEnvVarsInLog = 0;
		};
		F48BA67E8433B639423E0628 /* [CP] Copy Pods Resources */ = {
			isa = PBXShellScriptBuildPhase;
			buildActionMask = 2147483647;
			files = (
			);
			inputPaths = (
			);
			name = "[CP] Copy Pods Resources";
			outputPaths = (
			);
			runOnlyForDeploymentPostprocessing = 0;
			shellPath = /bin/sh;
			shellScript = "\"${SRCROOT}/Pods/Target Support Files/Pods-Swiftty/Pods-Swiftty-resources.sh\"\n";
			showEnvVarsInLog = 0;
		};
/* End PBXShellScriptBuildPhase section */

/* Begin PBXSourcesBuildPhase section */
		A4E918591F2D183300AF23ED /* Sources */ = {
			isa = PBXSourcesBuildPhase;
			buildActionMask = 2147483647;
			files = (
				A448F91F1F2DE3130001D2D0 /* NotificationViewController.swift in Sources */,
				A4AF6A3B1F3919EE00AEB5C7 /* WebViewController.swift in Sources */,
				A4A4FD3D1F40F657008FEAF8 /* NotificationTableViewCell.swift in Sources */,
				A4E918611F2D183300AF23ED /* AppDelegate.swift in Sources */,
				A407CAC01F8FFDA300D44CC1 /* MoreTableViewController.swift in Sources */,
				A4AF6A391F38D7C600AEB5C7 /* ProfileViewController.swift in Sources */,
				A40300BC1F32779C001621FD /* StatusContextTableView.swift in Sources */,
				A44A78EC1F2F48480079AB18 /* StatusTableViewCell.swift in Sources */,
				A4A4FD3F1F41E10D008FEAF8 /* StatusStore.swift in Sources */,
				A44A78EA1F2E2CC90079AB18 /* AccessInfo.swift in Sources */,
				A4E918751F2D1BC000AF23ED /* RootViewController.swift in Sources */,
				A4A4FD3B1F40BAD7008FEAF8 /* TootViewController.swift in Sources */,
				A4E918631F2D183300AF23ED /* TimelineViewController.swift in Sources */,
				A40300B81F2F8AE3001621FD /* StatusViewController.swift in Sources */,
				A40300B61F2F83F7001621FD /* Helper.swift in Sources */,
			);
			runOnlyForDeploymentPostprocessing = 0;
		};
/* End PBXSourcesBuildPhase section */

/* Begin PBXVariantGroup section */
		A4E918661F2D183300AF23ED /* Main.storyboard */ = {
			isa = PBXVariantGroup;
			children = (
				A4E918671F2D183300AF23ED /* Base */,
			);
			name = Main.storyboard;
			sourceTree = "<group>";
		};
/* End PBXVariantGroup section */

/* Begin XCBuildConfiguration section */
		A4E9186F1F2D183300AF23ED /* Debug */ = {
			isa = XCBuildConfiguration;
			buildSettings = {
				ALWAYS_SEARCH_USER_PATHS = NO;
				CLANG_ANALYZER_NONNULL = YES;
				CLANG_ANALYZER_NUMBER_OBJECT_CONVERSION = YES_AGGRESSIVE;
				CLANG_CXX_LANGUAGE_STANDARD = "gnu++0x";
				CLANG_CXX_LIBRARY = "libc++";
				CLANG_ENABLE_MODULES = YES;
				CLANG_ENABLE_OBJC_ARC = YES;
				CLANG_WARN_BLOCK_CAPTURE_AUTORELEASING = YES;
				CLANG_WARN_BOOL_CONVERSION = YES;
				CLANG_WARN_COMMA = YES;
				CLANG_WARN_CONSTANT_CONVERSION = YES;
				CLANG_WARN_DIRECT_OBJC_ISA_USAGE = YES_ERROR;
				CLANG_WARN_DOCUMENTATION_COMMENTS = YES;
				CLANG_WARN_EMPTY_BODY = YES;
				CLANG_WARN_ENUM_CONVERSION = YES;
				CLANG_WARN_INFINITE_RECURSION = YES;
				CLANG_WARN_INT_CONVERSION = YES;
				CLANG_WARN_NON_LITERAL_NULL_CONVERSION = YES;
				CLANG_WARN_OBJC_LITERAL_CONVERSION = YES;
				CLANG_WARN_OBJC_ROOT_CLASS = YES_ERROR;
				CLANG_WARN_RANGE_LOOP_ANALYSIS = YES;
				CLANG_WARN_STRICT_PROTOTYPES = YES;
				CLANG_WARN_SUSPICIOUS_MOVE = YES;
				CLANG_WARN_UNREACHABLE_CODE = YES;
				CLANG_WARN__DUPLICATE_METHOD_MATCH = YES;
				"CODE_SIGN_IDENTITY[sdk=iphoneos*]" = "iPhone Developer";
				COPY_PHASE_STRIP = NO;
				DEBUG_INFORMATION_FORMAT = dwarf;
				ENABLE_STRICT_OBJC_MSGSEND = YES;
				ENABLE_TESTABILITY = YES;
				GCC_C_LANGUAGE_STANDARD = gnu99;
				GCC_DYNAMIC_NO_PIC = NO;
				GCC_NO_COMMON_BLOCKS = YES;
				GCC_OPTIMIZATION_LEVEL = 0;
				GCC_PREPROCESSOR_DEFINITIONS = (
					"DEBUG=1",
					"$(inherited)",
				);
				GCC_WARN_64_TO_32_BIT_CONVERSION = YES;
				GCC_WARN_ABOUT_RETURN_TYPE = YES_ERROR;
				GCC_WARN_UNDECLARED_SELECTOR = YES;
				GCC_WARN_UNINITIALIZED_AUTOS = YES_AGGRESSIVE;
				GCC_WARN_UNUSED_FUNCTION = YES;
				GCC_WARN_UNUSED_VARIABLE = YES;
				IPHONEOS_DEPLOYMENT_TARGET = 10.3;
				MTL_ENABLE_DEBUG_INFO = YES;
				ONLY_ACTIVE_ARCH = YES;
				SDKROOT = iphoneos;
				SWIFT_ACTIVE_COMPILATION_CONDITIONS = DEBUG;
				SWIFT_OPTIMIZATION_LEVEL = "-Onone";
				TARGETED_DEVICE_FAMILY = "1,2";
			};
			name = Debug;
		};
		A4E918701F2D183300AF23ED /* Release */ = {
			isa = XCBuildConfiguration;
			buildSettings = {
				ALWAYS_SEARCH_USER_PATHS = NO;
				CLANG_ANALYZER_NONNULL = YES;
				CLANG_ANALYZER_NUMBER_OBJECT_CONVERSION = YES_AGGRESSIVE;
				CLANG_CXX_LANGUAGE_STANDARD = "gnu++0x";
				CLANG_CXX_LIBRARY = "libc++";
				CLANG_ENABLE_MODULES = YES;
				CLANG_ENABLE_OBJC_ARC = YES;
				CLANG_WARN_BLOCK_CAPTURE_AUTORELEASING = YES;
				CLANG_WARN_BOOL_CONVERSION = YES;
				CLANG_WARN_COMMA = YES;
				CLANG_WARN_CONSTANT_CONVERSION = YES;
				CLANG_WARN_DIRECT_OBJC_ISA_USAGE = YES_ERROR;
				CLANG_WARN_DOCUMENTATION_COMMENTS = YES;
				CLANG_WARN_EMPTY_BODY = YES;
				CLANG_WARN_ENUM_CONVERSION = YES;
				CLANG_WARN_INFINITE_RECURSION = YES;
				CLANG_WARN_INT_CONVERSION = YES;
				CLANG_WARN_NON_LITERAL_NULL_CONVERSION = YES;
				CLANG_WARN_OBJC_LITERAL_CONVERSION = YES;
				CLANG_WARN_OBJC_ROOT_CLASS = YES_ERROR;
				CLANG_WARN_RANGE_LOOP_ANALYSIS = YES;
				CLANG_WARN_STRICT_PROTOTYPES = YES;
				CLANG_WARN_SUSPICIOUS_MOVE = YES;
				CLANG_WARN_UNREACHABLE_CODE = YES;
				CLANG_WARN__DUPLICATE_METHOD_MATCH = YES;
				"CODE_SIGN_IDENTITY[sdk=iphoneos*]" = "iPhone Developer";
				COPY_PHASE_STRIP = NO;
				DEBUG_INFORMATION_FORMAT = "dwarf-with-dsym";
				ENABLE_NS_ASSERTIONS = NO;
				ENABLE_STRICT_OBJC_MSGSEND = YES;
				GCC_C_LANGUAGE_STANDARD = gnu99;
				GCC_NO_COMMON_BLOCKS = YES;
				GCC_WARN_64_TO_32_BIT_CONVERSION = YES;
				GCC_WARN_ABOUT_RETURN_TYPE = YES_ERROR;
				GCC_WARN_UNDECLARED_SELECTOR = YES;
				GCC_WARN_UNINITIALIZED_AUTOS = YES_AGGRESSIVE;
				GCC_WARN_UNUSED_FUNCTION = YES;
				GCC_WARN_UNUSED_VARIABLE = YES;
				IPHONEOS_DEPLOYMENT_TARGET = 10.3;
				MTL_ENABLE_DEBUG_INFO = NO;
				SDKROOT = iphoneos;
				SWIFT_OPTIMIZATION_LEVEL = "-Owholemodule";
				TARGETED_DEVICE_FAMILY = "1,2";
				VALIDATE_PRODUCT = YES;
			};
			name = Release;
		};
		A4E918721F2D183300AF23ED /* Debug */ = {
			isa = XCBuildConfiguration;
			baseConfigurationReference = 4FB6B1467F32D55D9B7B2D92 /* Pods-Swiftty.debug.xcconfig */;
			buildSettings = {
				ASSETCATALOG_COMPILER_APPICON_NAME = AppIcon;
				DEVELOPMENT_TEAM = ZVZE87R9PL;
				FRAMEWORK_SEARCH_PATHS = "$(inherited)";
				INFOPLIST_FILE = Swiftty/Info.plist;
				IPHONEOS_DEPLOYMENT_TARGET = 10.3;
				LD_RUNPATH_SEARCH_PATHS = "$(inherited) @executable_path/Frameworks";
				PRODUCT_BUNDLE_IDENTIFIER = com.calv.Swiftty;
				PRODUCT_NAME = "$(TARGET_NAME)";
				SWIFT_SWIFT3_OBJC_INFERENCE = On;
				SWIFT_VERSION = 4.0;
			};
			name = Debug;
		};
		A4E918731F2D183300AF23ED /* Release */ = {
			isa = XCBuildConfiguration;
			baseConfigurationReference = 192F79E0F5B3D9497E1EE4D7 /* Pods-Swiftty.release.xcconfig */;
			buildSettings = {
				ASSETCATALOG_COMPILER_APPICON_NAME = AppIcon;
				DEVELOPMENT_TEAM = ZVZE87R9PL;
				FRAMEWORK_SEARCH_PATHS = "$(inherited)";
				INFOPLIST_FILE = Swiftty/Info.plist;
				IPHONEOS_DEPLOYMENT_TARGET = 10.3;
				LD_RUNPATH_SEARCH_PATHS = "$(inherited) @executable_path/Frameworks";
				PRODUCT_BUNDLE_IDENTIFIER = com.calv.Swiftty;
				PRODUCT_NAME = "$(TARGET_NAME)";
				SWIFT_SWIFT3_OBJC_INFERENCE = On;
				SWIFT_VERSION = 4.0;
			};
			name = Release;
		};
/* End XCBuildConfiguration section */

/* Begin XCConfigurationList section */
		A4E918581F2D183300AF23ED /* Build configuration list for PBXProject "Swiftty" */ = {
			isa = XCConfigurationList;
			buildConfigurations = (
				A4E9186F1F2D183300AF23ED /* Debug */,
				A4E918701F2D183300AF23ED /* Release */,
			);
			defaultConfigurationIsVisible = 0;
			defaultConfigurationName = Release;
		};
		A4E918711F2D183300AF23ED /* Build configuration list for PBXNativeTarget "Swiftty" */ = {
			isa = XCConfigurationList;
			buildConfigurations = (
				A4E918721F2D183300AF23ED /* Debug */,
				A4E918731F2D183300AF23ED /* Release */,
			);
			defaultConfigurationIsVisible = 0;
			defaultConfigurationName = Release;
		};
/* End XCConfigurationList section */
	};
	rootObject = A4E918551F2D183300AF23ED /* Project object */;
}
